// !$*UTF8*$!
{
	archiveVersion = 1;
	classes = {
	};
	objectVersion = 56;
	objects = {

/* Begin PBXBuildFile section */
		3412C8222B6755C200221767 /* ToDoListApp.swift in Sources */ = {isa = PBXBuildFile; fileRef = 3412C8212B6755C200221767 /* ToDoListApp.swift */; };
		3412C8242B6755C200221767 /* MainView.swift in Sources */ = {isa = PBXBuildFile; fileRef = 3412C8232B6755C200221767 /* MainView.swift */; };
		3412C8262B6755C400221767 /* Assets.xcassets in Resources */ = {isa = PBXBuildFile; fileRef = 3412C8252B6755C400221767 /* Assets.xcassets */; };
		3412C8292B6755C400221767 /* Preview Assets.xcassets in Resources */ = {isa = PBXBuildFile; fileRef = 3412C8282B6755C400221767 /* Preview Assets.xcassets */; };
		3412C8332B6755C500221767 /* ToDoListTests.swift in Sources */ = {isa = PBXBuildFile; fileRef = 3412C8322B6755C500221767 /* ToDoListTests.swift */; };
		3412C83D2B6755C500221767 /* ToDoListUITests.swift in Sources */ = {isa = PBXBuildFile; fileRef = 3412C83C2B6755C500221767 /* ToDoListUITests.swift */; };
		3412C83F2B6755C500221767 /* ToDoListUITestsLaunchTests.swift in Sources */ = {isa = PBXBuildFile; fileRef = 3412C83E2B6755C500221767 /* ToDoListUITestsLaunchTests.swift */; };
		3412C84D2B6759E900221767 /* FirebaseAuth in Frameworks */ = {isa = PBXBuildFile; productRef = 3412C84C2B6759E900221767 /* FirebaseAuth */; };
		3412C84F2B6759E900221767 /* FirebaseFirestore in Frameworks */ = {isa = PBXBuildFile; productRef = 3412C84E2B6759E900221767 /* FirebaseFirestore */; };
		3412C8512B6759E900221767 /* FirebaseFirestoreSwift in Frameworks */ = {isa = PBXBuildFile; productRef = 3412C8502B6759E900221767 /* FirebaseFirestoreSwift */; };
		349A25F92B67667600DE01D1 /* GoogleService-Info.plist in Resources */ = {isa = PBXBuildFile; fileRef = 349A25F82B67667600DE01D1 /* GoogleService-Info.plist */; };
		349A25FF2B67730600DE01D1 /* ProfileView.swift in Sources */ = {isa = PBXBuildFile; fileRef = 349A25FE2B67730600DE01D1 /* ProfileView.swift */; };
		349A26012B67734200DE01D1 /* ToDoListView.swift in Sources */ = {isa = PBXBuildFile; fileRef = 349A26002B67734200DE01D1 /* ToDoListView.swift */; };
		349A26032B67C53E00DE01D1 /* NewItemView.swift in Sources */ = {isa = PBXBuildFile; fileRef = 349A26022B67C53E00DE01D1 /* NewItemView.swift */; };
		349A26052B67C57600DE01D1 /* LoginView.swift in Sources */ = {isa = PBXBuildFile; fileRef = 349A26042B67C57600DE01D1 /* LoginView.swift */; };
		349A26072B67C58900DE01D1 /* RegisterView.swift in Sources */ = {isa = PBXBuildFile; fileRef = 349A26062B67C58900DE01D1 /* RegisterView.swift */; };
		349A26092B67C5B100DE01D1 /* ToDoListItemView.swift in Sources */ = {isa = PBXBuildFile; fileRef = 349A26082B67C5B100DE01D1 /* ToDoListItemView.swift */; };
		349A260B2B67C5EA00DE01D1 /* User.swift in Sources */ = {isa = PBXBuildFile; fileRef = 349A260A2B67C5EA00DE01D1 /* User.swift */; };
		349A260D2B67C5FA00DE01D1 /* ToDoListItem.swift in Sources */ = {isa = PBXBuildFile; fileRef = 349A260C2B67C5FA00DE01D1 /* ToDoListItem.swift */; };
		349A260F2B67C62500DE01D1 /* MainViewViewModel.swift in Sources */ = {isa = PBXBuildFile; fileRef = 349A260E2B67C62500DE01D1 /* MainViewViewModel.swift */; };
		349A26112B67C71100DE01D1 /* ProfileViewViewModel.swift in Sources */ = {isa = PBXBuildFile; fileRef = 349A26102B67C71100DE01D1 /* ProfileViewViewModel.swift */; };
		349A26132B67C73100DE01D1 /* ToDoListViewViewModel.swift in Sources */ = {isa = PBXBuildFile; fileRef = 349A26122B67C73100DE01D1 /* ToDoListViewViewModel.swift */; };
		349A26152B67C75200DE01D1 /* NewItemViewViewModel.swift in Sources */ = {isa = PBXBuildFile; fileRef = 349A26142B67C75200DE01D1 /* NewItemViewViewModel.swift */; };
		349A26172B67C76900DE01D1 /* LoginViewViewModel.swift in Sources */ = {isa = PBXBuildFile; fileRef = 349A26162B67C76900DE01D1 /* LoginViewViewModel.swift */; };
		349A26192B67C77F00DE01D1 /* RegisterViewViewModel.swift in Sources */ = {isa = PBXBuildFile; fileRef = 349A26182B67C77F00DE01D1 /* RegisterViewViewModel.swift */; };
		349A261B2B67C7AB00DE01D1 /* ToDoListItemViewViewModel.swift in Sources */ = {isa = PBXBuildFile; fileRef = 349A261A2B67C7AB00DE01D1 /* ToDoListItemViewViewModel.swift */; };
		349A261D2B67CB9600DE01D1 /* HeaderView.swift in Sources */ = {isa = PBXBuildFile; fileRef = 349A261C2B67CB9600DE01D1 /* HeaderView.swift */; };
		349A261F2B67DEE000DE01D1 /* TLButton.swift in Sources */ = {isa = PBXBuildFile; fileRef = 349A261E2B67DEE000DE01D1 /* TLButton.swift */; };
/* End PBXBuildFile section */

/* Begin PBXContainerItemProxy section */
		3412C82F2B6755C500221767 /* PBXContainerItemProxy */ = {
			isa = PBXContainerItemProxy;
			containerPortal = 3412C8162B6755C100221767 /* Project object */;
			proxyType = 1;
			remoteGlobalIDString = 3412C81D2B6755C200221767;
			remoteInfo = ToDoList;
		};
		3412C8392B6755C500221767 /* PBXContainerItemProxy */ = {
			isa = PBXContainerItemProxy;
			containerPortal = 3412C8162B6755C100221767 /* Project object */;
			proxyType = 1;
			remoteGlobalIDString = 3412C81D2B6755C200221767;
			remoteInfo = ToDoList;
		};
/* End PBXContainerItemProxy section */

/* Begin PBXFileReference section */
		3412C81E2B6755C200221767 /* ToDoList.app */ = {isa = PBXFileReference; explicitFileType = wrapper.application; includeInIndex = 0; path = ToDoList.app; sourceTree = BUILT_PRODUCTS_DIR; };
		3412C8212B6755C200221767 /* ToDoListApp.swift */ = {isa = PBXFileReference; lastKnownFileType = sourcecode.swift; path = ToDoListApp.swift; sourceTree = "<group>"; };
		3412C8232B6755C200221767 /* MainView.swift */ = {isa = PBXFileReference; lastKnownFileType = sourcecode.swift; path = MainView.swift; sourceTree = "<group>"; };
		3412C8252B6755C400221767 /* Assets.xcassets */ = {isa = PBXFileReference; lastKnownFileType = folder.assetcatalog; path = Assets.xcassets; sourceTree = "<group>"; };
		3412C8282B6755C400221767 /* Preview Assets.xcassets */ = {isa = PBXFileReference; lastKnownFileType = folder.assetcatalog; path = "Preview Assets.xcassets"; sourceTree = "<group>"; };
		3412C82E2B6755C500221767 /* ToDoListTests.xctest */ = {isa = PBXFileReference; explicitFileType = wrapper.cfbundle; includeInIndex = 0; path = ToDoListTests.xctest; sourceTree = BUILT_PRODUCTS_DIR; };
		3412C8322B6755C500221767 /* ToDoListTests.swift */ = {isa = PBXFileReference; lastKnownFileType = sourcecode.swift; path = ToDoListTests.swift; sourceTree = "<group>"; };
		3412C8382B6755C500221767 /* ToDoListUITests.xctest */ = {isa = PBXFileReference; explicitFileType = wrapper.cfbundle; includeInIndex = 0; path = ToDoListUITests.xctest; sourceTree = BUILT_PRODUCTS_DIR; };
		3412C83C2B6755C500221767 /* ToDoListUITests.swift */ = {isa = PBXFileReference; lastKnownFileType = sourcecode.swift; path = ToDoListUITests.swift; sourceTree = "<group>"; };
		3412C83E2B6755C500221767 /* ToDoListUITestsLaunchTests.swift */ = {isa = PBXFileReference; lastKnownFileType = sourcecode.swift; path = ToDoListUITestsLaunchTests.swift; sourceTree = "<group>"; };
		349A25F82B67667600DE01D1 /* GoogleService-Info.plist */ = {isa = PBXFileReference; fileEncoding = 4; lastKnownFileType = text.plist.xml; path = "GoogleService-Info.plist"; sourceTree = "<group>"; };
		349A25FE2B67730600DE01D1 /* ProfileView.swift */ = {isa = PBXFileReference; lastKnownFileType = sourcecode.swift; path = ProfileView.swift; sourceTree = "<group>"; };
		349A26002B67734200DE01D1 /* ToDoListView.swift */ = {isa = PBXFileReference; lastKnownFileType = sourcecode.swift; path = ToDoListView.swift; sourceTree = "<group>"; };
		349A26022B67C53E00DE01D1 /* NewItemView.swift */ = {isa = PBXFileReference; lastKnownFileType = sourcecode.swift; path = NewItemView.swift; sourceTree = "<group>"; };
		349A26042B67C57600DE01D1 /* LoginView.swift */ = {isa = PBXFileReference; lastKnownFileType = sourcecode.swift; path = LoginView.swift; sourceTree = "<group>"; xcLanguageSpecificationIdentifier = xcode.lang.xcfilelist; };
		349A26062B67C58900DE01D1 /* RegisterView.swift */ = {isa = PBXFileReference; lastKnownFileType = sourcecode.swift; path = RegisterView.swift; sourceTree = "<group>"; };
		349A26082B67C5B100DE01D1 /* ToDoListItemView.swift */ = {isa = PBXFileReference; lastKnownFileType = sourcecode.swift; path = ToDoListItemView.swift; sourceTree = "<group>"; };
		349A260A2B67C5EA00DE01D1 /* User.swift */ = {isa = PBXFileReference; lastKnownFileType = sourcecode.swift; path = User.swift; sourceTree = "<group>"; };
		349A260C2B67C5FA00DE01D1 /* ToDoListItem.swift */ = {isa = PBXFileReference; lastKnownFileType = sourcecode.swift; path = ToDoListItem.swift; sourceTree = "<group>"; };
		349A260E2B67C62500DE01D1 /* MainViewViewModel.swift */ = {isa = PBXFileReference; lastKnownFileType = sourcecode.swift; path = MainViewViewModel.swift; sourceTree = "<group>"; };
		349A26102B67C71100DE01D1 /* ProfileViewViewModel.swift */ = {isa = PBXFileReference; lastKnownFileType = sourcecode.swift; path = ProfileViewViewModel.swift; sourceTree = "<group>"; };
		349A26122B67C73100DE01D1 /* ToDoListViewViewModel.swift */ = {isa = PBXFileReference; lastKnownFileType = sourcecode.swift; path = ToDoListViewViewModel.swift; sourceTree = "<group>"; };
		349A26142B67C75200DE01D1 /* NewItemViewViewModel.swift */ = {isa = PBXFileReference; lastKnownFileType = sourcecode.swift; path = NewItemViewViewModel.swift; sourceTree = "<group>"; };
		349A26162B67C76900DE01D1 /* LoginViewViewModel.swift */ = {isa = PBXFileReference; lastKnownFileType = sourcecode.swift; path = LoginViewViewModel.swift; sourceTree = "<group>"; };
		349A26182B67C77F00DE01D1 /* RegisterViewViewModel.swift */ = {isa = PBXFileReference; lastKnownFileType = sourcecode.swift; path = RegisterViewViewModel.swift; sourceTree = "<group>"; };
		349A261A2B67C7AB00DE01D1 /* ToDoListItemViewViewModel.swift */ = {isa = PBXFileReference; lastKnownFileType = sourcecode.swift; path = ToDoListItemViewViewModel.swift; sourceTree = "<group>"; };
		349A261C2B67CB9600DE01D1 /* HeaderView.swift */ = {isa = PBXFileReference; lastKnownFileType = sourcecode.swift; path = HeaderView.swift; sourceTree = "<group>"; };
		349A261E2B67DEE000DE01D1 /* TLButton.swift */ = {isa = PBXFileReference; lastKnownFileType = sourcecode.swift; path = TLButton.swift; sourceTree = "<group>"; };
/* End PBXFileReference section */

/* Begin PBXFrameworksBuildPhase section */
		3412C81B2B6755C200221767 /* Frameworks */ = {
			isa = PBXFrameworksBuildPhase;
			buildActionMask = 2147483647;
			files = (
				3412C84D2B6759E900221767 /* FirebaseAuth in Frameworks */,
				3412C84F2B6759E900221767 /* FirebaseFirestore in Frameworks */,
				3412C8512B6759E900221767 /* FirebaseFirestoreSwift in Frameworks */,
			);
			runOnlyForDeploymentPostprocessing = 0;
		};
		3412C82B2B6755C500221767 /* Frameworks */ = {
			isa = PBXFrameworksBuildPhase;
			buildActionMask = 2147483647;
			files = (
			);
			runOnlyForDeploymentPostprocessing = 0;
		};
		3412C8352B6755C500221767 /* Frameworks */ = {
			isa = PBXFrameworksBuildPhase;
			buildActionMask = 2147483647;
			files = (
			);
			runOnlyForDeploymentPostprocessing = 0;
		};
/* End PBXFrameworksBuildPhase section */

/* Begin PBXGroup section */
		3412C8152B6755C100221767 = {
			isa = PBXGroup;
			children = (
				3412C8202B6755C200221767 /* ToDoList */,
				3412C8312B6755C500221767 /* ToDoListTests */,
				3412C83B2B6755C500221767 /* ToDoListUITests */,
				3412C81F2B6755C200221767 /* Products */,
			);
			sourceTree = "<group>";
		};
		3412C81F2B6755C200221767 /* Products */ = {
			isa = PBXGroup;
			children = (
				3412C81E2B6755C200221767 /* ToDoList.app */,
				3412C82E2B6755C500221767 /* ToDoListTests.xctest */,
				3412C8382B6755C500221767 /* ToDoListUITests.xctest */,
			);
			name = Products;
			sourceTree = "<group>";
		};
		3412C8202B6755C200221767 /* ToDoList */ = {
			isa = PBXGroup;
			children = (
				349A25FD2B676CF500DE01D1 /* Other */,
				349A25FC2B676CD600DE01D1 /* Models */,
				349A25FB2B676CB600DE01D1 /* ViewModels */,
				349A25FA2B676C8D00DE01D1 /* Views */,
				3412C8272B6755C400221767 /* Preview Content */,
			);
			path = ToDoList;
			sourceTree = "<group>";
		};
		3412C8272B6755C400221767 /* Preview Content */ = {
			isa = PBXGroup;
			children = (
				3412C8282B6755C400221767 /* Preview Assets.xcassets */,
			);
			path = "Preview Content";
			sourceTree = "<group>";
		};
		3412C8312B6755C500221767 /* ToDoListTests */ = {
			isa = PBXGroup;
			children = (
				3412C8322B6755C500221767 /* ToDoListTests.swift */,
			);
			path = ToDoListTests;
			sourceTree = "<group>";
		};
		3412C83B2B6755C500221767 /* ToDoListUITests */ = {
			isa = PBXGroup;
			children = (
				3412C83C2B6755C500221767 /* ToDoListUITests.swift */,
				3412C83E2B6755C500221767 /* ToDoListUITestsLaunchTests.swift */,
			);
			path = ToDoListUITests;
			sourceTree = "<group>";
		};
		349A25FA2B676C8D00DE01D1 /* Views */ = {
			isa = PBXGroup;
			children = (
				3412C8232B6755C200221767 /* MainView.swift */,
				349A25FE2B67730600DE01D1 /* ProfileView.swift */,
				349A26002B67734200DE01D1 /* ToDoListView.swift */,
				349A26022B67C53E00DE01D1 /* NewItemView.swift */,
				349A26042B67C57600DE01D1 /* LoginView.swift */,
				349A26062B67C58900DE01D1 /* RegisterView.swift */,
				349A26082B67C5B100DE01D1 /* ToDoListItemView.swift */,
				349A261C2B67CB9600DE01D1 /* HeaderView.swift */,
				349A261E2B67DEE000DE01D1 /* TLButton.swift */,
			);
			path = Views;
			sourceTree = "<group>";
		};
		349A25FB2B676CB600DE01D1 /* ViewModels */ = {
			isa = PBXGroup;
			children = (
				349A260E2B67C62500DE01D1 /* MainViewViewModel.swift */,
				349A26102B67C71100DE01D1 /* ProfileViewViewModel.swift */,
				349A26122B67C73100DE01D1 /* ToDoListViewViewModel.swift */,
				349A26142B67C75200DE01D1 /* NewItemViewViewModel.swift */,
				349A26162B67C76900DE01D1 /* LoginViewViewModel.swift */,
				349A26182B67C77F00DE01D1 /* RegisterViewViewModel.swift */,
				349A261A2B67C7AB00DE01D1 /* ToDoListItemViewViewModel.swift */,
			);
			path = ViewModels;
			sourceTree = "<group>";
		};
		349A25FC2B676CD600DE01D1 /* Models */ = {
			isa = PBXGroup;
			children = (
				349A260A2B67C5EA00DE01D1 /* User.swift */,
				349A260C2B67C5FA00DE01D1 /* ToDoListItem.swift */,
			);
			path = Models;
			sourceTree = "<group>";
		};
		349A25FD2B676CF500DE01D1 /* Other */ = {
			isa = PBXGroup;
			children = (
				349A25F82B67667600DE01D1 /* GoogleService-Info.plist */,
				3412C8252B6755C400221767 /* Assets.xcassets */,
				3412C8212B6755C200221767 /* ToDoListApp.swift */,
			);
			path = Other;
			sourceTree = "<group>";
		};
/* End PBXGroup section */

/* Begin PBXNativeTarget section */
		3412C81D2B6755C200221767 /* ToDoList */ = {
			isa = PBXNativeTarget;
			buildConfigurationList = 3412C8422B6755C500221767 /* Build configuration list for PBXNativeTarget "ToDoList" */;
			buildPhases = (
				3412C81A2B6755C200221767 /* Sources */,
				3412C81B2B6755C200221767 /* Frameworks */,
				3412C81C2B6755C200221767 /* Resources */,
			);
			buildRules = (
			);
			dependencies = (
			);
			name = ToDoList;
			packageProductDependencies = (
				3412C84C2B6759E900221767 /* FirebaseAuth */,
				3412C84E2B6759E900221767 /* FirebaseFirestore */,
				3412C8502B6759E900221767 /* FirebaseFirestoreSwift */,
			);
			productName = ToDoList;
			productReference = 3412C81E2B6755C200221767 /* ToDoList.app */;
			productType = "com.apple.product-type.application";
		};
		3412C82D2B6755C500221767 /* ToDoListTests */ = {
			isa = PBXNativeTarget;
			buildConfigurationList = 3412C8452B6755C500221767 /* Build configuration list for PBXNativeTarget "ToDoListTests" */;
			buildPhases = (
				3412C82A2B6755C500221767 /* Sources */,
				3412C82B2B6755C500221767 /* Frameworks */,
				3412C82C2B6755C500221767 /* Resources */,
			);
			buildRules = (
			);
			dependencies = (
				3412C8302B6755C500221767 /* PBXTargetDependency */,
			);
			name = ToDoListTests;
			productName = ToDoListTests;
			productReference = 3412C82E2B6755C500221767 /* ToDoListTests.xctest */;
			productType = "com.apple.product-type.bundle.unit-test";
		};
		3412C8372B6755C500221767 /* ToDoListUITests */ = {
			isa = PBXNativeTarget;
			buildConfigurationList = 3412C8482B6755C500221767 /* Build configuration list for PBXNativeTarget "ToDoListUITests" */;
			buildPhases = (
				3412C8342B6755C500221767 /* Sources */,
				3412C8352B6755C500221767 /* Frameworks */,
				3412C8362B6755C500221767 /* Resources */,
			);
			buildRules = (
			);
			dependencies = (
				3412C83A2B6755C500221767 /* PBXTargetDependency */,
			);
			name = ToDoListUITests;
			productName = ToDoListUITests;
			productReference = 3412C8382B6755C500221767 /* ToDoListUITests.xctest */;
			productType = "com.apple.product-type.bundle.ui-testing";
		};
/* End PBXNativeTarget section */

/* Begin PBXProject section */
		3412C8162B6755C100221767 /* Project object */ = {
			isa = PBXProject;
			attributes = {
				BuildIndependentTargetsInParallel = 1;
				LastSwiftUpdateCheck = 1520;
				LastUpgradeCheck = 1520;
				TargetAttributes = {
					3412C81D2B6755C200221767 = {
						CreatedOnToolsVersion = 15.2;
					};
					3412C82D2B6755C500221767 = {
						CreatedOnToolsVersion = 15.2;
						TestTargetID = 3412C81D2B6755C200221767;
					};
					3412C8372B6755C500221767 = {
						CreatedOnToolsVersion = 15.2;
						TestTargetID = 3412C81D2B6755C200221767;
					};
				};
			};
			buildConfigurationList = 3412C8192B6755C200221767 /* Build configuration list for PBXProject "ToDoList" */;
			compatibilityVersion = "Xcode 14.0";
			developmentRegion = en;
			hasScannedForEncodings = 0;
			knownRegions = (
				en,
				Base,
			);
			mainGroup = 3412C8152B6755C100221767;
			packageReferences = (
				3412C84B2B6759E800221767 /* XCRemoteSwiftPackageReference "firebase-ios-sdk" */,
			);
			productRefGroup = 3412C81F2B6755C200221767 /* Products */;
			projectDirPath = "";
			projectRoot = "";
			targets = (
				3412C81D2B6755C200221767 /* ToDoList */,
				3412C82D2B6755C500221767 /* ToDoListTests */,
				3412C8372B6755C500221767 /* ToDoListUITests */,
			);
		};
/* End PBXProject section */

/* Begin PBXResourcesBuildPhase section */
		3412C81C2B6755C200221767 /* Resources */ = {
			isa = PBXResourcesBuildPhase;
			buildActionMask = 2147483647;
			files = (
				3412C8292B6755C400221767 /* Preview Assets.xcassets in Resources */,
				3412C8262B6755C400221767 /* Assets.xcassets in Resources */,
				349A25F92B67667600DE01D1 /* GoogleService-Info.plist in Resources */,
			);
			runOnlyForDeploymentPostprocessing = 0;
		};
		3412C82C2B6755C500221767 /* Resources */ = {
			isa = PBXResourcesBuildPhase;
			buildActionMask = 2147483647;
			files = (
			);
			runOnlyForDeploymentPostprocessing = 0;
		};
		3412C8362B6755C500221767 /* Resources */ = {
			isa = PBXResourcesBuildPhase;
			buildActionMask = 2147483647;
			files = (
			);
			runOnlyForDeploymentPostprocessing = 0;
		};
/* End PBXResourcesBuildPhase section */

/* Begin PBXSourcesBuildPhase section */
		3412C81A2B6755C200221767 /* Sources */ = {
			isa = PBXSourcesBuildPhase;
			buildActionMask = 2147483647;
			files = (
				349A26052B67C57600DE01D1 /* LoginView.swift in Sources */,
				349A261D2B67CB9600DE01D1 /* HeaderView.swift in Sources */,
				3412C8242B6755C200221767 /* MainView.swift in Sources */,
				349A26192B67C77F00DE01D1 /* RegisterViewViewModel.swift in Sources */,
				349A26012B67734200DE01D1 /* ToDoListView.swift in Sources */,
				349A26072B67C58900DE01D1 /* RegisterView.swift in Sources */,
				349A26032B67C53E00DE01D1 /* NewItemView.swift in Sources */,
				349A261F2B67DEE000DE01D1 /* TLButton.swift in Sources */,
				349A26112B67C71100DE01D1 /* ProfileViewViewModel.swift in Sources */,
				349A260B2B67C5EA00DE01D1 /* User.swift in Sources */,
				349A26152B67C75200DE01D1 /* NewItemViewViewModel.swift in Sources */,
				349A26092B67C5B100DE01D1 /* ToDoListItemView.swift in Sources */,
				349A25FF2B67730600DE01D1 /* ProfileView.swift in Sources */,
				349A26172B67C76900DE01D1 /* LoginViewViewModel.swift in Sources */,
				349A26132B67C73100DE01D1 /* ToDoListViewViewModel.swift in Sources */,
				349A260F2B67C62500DE01D1 /* MainViewViewModel.swift in Sources */,
				349A260D2B67C5FA00DE01D1 /* ToDoListItem.swift in Sources */,
				3412C8222B6755C200221767 /* ToDoListApp.swift in Sources */,
				349A261B2B67C7AB00DE01D1 /* ToDoListItemViewViewModel.swift in Sources */,
			);
			runOnlyForDeploymentPostprocessing = 0;
		};
		3412C82A2B6755C500221767 /* Sources */ = {
			isa = PBXSourcesBuildPhase;
			buildActionMask = 2147483647;
			files = (
				3412C8332B6755C500221767 /* ToDoListTests.swift in Sources */,
			);
			runOnlyForDeploymentPostprocessing = 0;
		};
		3412C8342B6755C500221767 /* Sources */ = {
			isa = PBXSourcesBuildPhase;
			buildActionMask = 2147483647;
			files = (
				3412C83F2B6755C500221767 /* ToDoListUITestsLaunchTests.swift in Sources */,
				3412C83D2B6755C500221767 /* ToDoListUITests.swift in Sources */,
			);
			runOnlyForDeploymentPostprocessing = 0;
		};
/* End PBXSourcesBuildPhase section */

/* Begin PBXTargetDependency section */
		3412C8302B6755C500221767 /* PBXTargetDependency */ = {
			isa = PBXTargetDependency;
			target = 3412C81D2B6755C200221767 /* ToDoList */;
			targetProxy = 3412C82F2B6755C500221767 /* PBXContainerItemProxy */;
		};
		3412C83A2B6755C500221767 /* PBXTargetDependency */ = {
			isa = PBXTargetDependency;
			target = 3412C81D2B6755C200221767 /* ToDoList */;
			targetProxy = 3412C8392B6755C500221767 /* PBXContainerItemProxy */;
		};
/* End PBXTargetDependency section */

/* Begin XCBuildConfiguration section */
		3412C8402B6755C500221767 /* Debug */ = {
			isa = XCBuildConfiguration;
			buildSettings = {
				ALWAYS_SEARCH_USER_PATHS = NO;
				ASSETCATALOG_COMPILER_GENERATE_SWIFT_ASSET_SYMBOL_EXTENSIONS = YES;
				CLANG_ANALYZER_NONNULL = YES;
				CLANG_ANALYZER_NUMBER_OBJECT_CONVERSION = YES_AGGRESSIVE;
				CLANG_CXX_LANGUAGE_STANDARD = "gnu++20";
				CLANG_ENABLE_MODULES = YES;
				CLANG_ENABLE_OBJC_ARC = YES;
				CLANG_ENABLE_OBJC_WEAK = YES;
				CLANG_WARN_BLOCK_CAPTURE_AUTORELEASING = YES;
				CLANG_WARN_BOOL_CONVERSION = YES;
				CLANG_WARN_COMMA = YES;
				CLANG_WARN_CONSTANT_CONVERSION = YES;
				CLANG_WARN_DEPRECATED_OBJC_IMPLEMENTATIONS = YES;
				CLANG_WARN_DIRECT_OBJC_ISA_USAGE = YES_ERROR;
				CLANG_WARN_DOCUMENTATION_COMMENTS = YES;
				CLANG_WARN_EMPTY_BODY = YES;
				CLANG_WARN_ENUM_CONVERSION = YES;
				CLANG_WARN_INFINITE_RECURSION = YES;
				CLANG_WARN_INT_CONVERSION = YES;
				CLANG_WARN_NON_LITERAL_NULL_CONVERSION = YES;
				CLANG_WARN_OBJC_IMPLICIT_RETAIN_SELF = YES;
				CLANG_WARN_OBJC_LITERAL_CONVERSION = YES;
				CLANG_WARN_OBJC_ROOT_CLASS = YES_ERROR;
				CLANG_WARN_QUOTED_INCLUDE_IN_FRAMEWORK_HEADER = YES;
				CLANG_WARN_RANGE_LOOP_ANALYSIS = YES;
				CLANG_WARN_STRICT_PROTOTYPES = YES;
				CLANG_WARN_SUSPICIOUS_MOVE = YES;
				CLANG_WARN_UNGUARDED_AVAILABILITY = YES_AGGRESSIVE;
				CLANG_WARN_UNREACHABLE_CODE = YES;
				CLANG_WARN__DUPLICATE_METHOD_MATCH = YES;
				COPY_PHASE_STRIP = NO;
				DEBUG_INFORMATION_FORMAT = dwarf;
				ENABLE_STRICT_OBJC_MSGSEND = YES;
				ENABLE_TESTABILITY = YES;
				ENABLE_USER_SCRIPT_SANDBOXING = YES;
				GCC_C_LANGUAGE_STANDARD = gnu17;
				GCC_DYNAMIC_NO_PIC = NO;
				GCC_NO_COMMON_BLOCKS = YES;
				GCC_OPTIMIZATION_LEVEL = 0;
				GCC_PREPROCESSOR_DEFINITIONS = (
					"DEBUG=1",
					"$(inherited)",
				);
				GCC_WARN_64_TO_32_BIT_CONVERSION = YES;
				GCC_WARN_ABOUT_RETURN_TYPE = YES_ERROR;
				GCC_WARN_UNDECLARED_SELECTOR = YES;
				GCC_WARN_UNINITIALIZED_AUTOS = YES_AGGRESSIVE;
				GCC_WARN_UNUSED_FUNCTION = YES;
				GCC_WARN_UNUSED_VARIABLE = YES;
				IPHONEOS_DEPLOYMENT_TARGET = 17.2;
				LOCALIZATION_PREFERS_STRING_CATALOGS = YES;
				MTL_ENABLE_DEBUG_INFO = INCLUDE_SOURCE;
				MTL_FAST_MATH = YES;
				ONLY_ACTIVE_ARCH = YES;
				SDKROOT = iphoneos;
				SWIFT_ACTIVE_COMPILATION_CONDITIONS = "DEBUG $(inherited)";
				SWIFT_OPTIMIZATION_LEVEL = "-Onone";
			};
			name = Debug;
		};
		3412C8412B6755C500221767 /* Release */ = {
			isa = XCBuildConfiguration;
			buildSettings = {
				ALWAYS_SEARCH_USER_PATHS = NO;
				ASSETCATALOG_COMPILER_GENERATE_SWIFT_ASSET_SYMBOL_EXTENSIONS = YES;
				CLANG_ANALYZER_NONNULL = YES;
				CLANG_ANALYZER_NUMBER_OBJECT_CONVERSION = YES_AGGRESSIVE;
				CLANG_CXX_LANGUAGE_STANDARD = "gnu++20";
				CLANG_ENABLE_MODULES = YES;
				CLANG_ENABLE_OBJC_ARC = YES;
				CLANG_ENABLE_OBJC_WEAK = YES;
				CLANG_WARN_BLOCK_CAPTURE_AUTORELEASING = YES;
				CLANG_WARN_BOOL_CONVERSION = YES;
				CLANG_WARN_COMMA = YES;
				CLANG_WARN_CONSTANT_CONVERSION = YES;
				CLANG_WARN_DEPRECATED_OBJC_IMPLEMENTATIONS = YES;
				CLANG_WARN_DIRECT_OBJC_ISA_USAGE = YES_ERROR;
				CLANG_WARN_DOCUMENTATION_COMMENTS = YES;
				CLANG_WARN_EMPTY_BODY = YES;
				CLANG_WARN_ENUM_CONVERSION = YES;
				CLANG_WARN_INFINITE_RECURSION = YES;
				CLANG_WARN_INT_CONVERSION = YES;
				CLANG_WARN_NON_LITERAL_NULL_CONVERSION = YES;
				CLANG_WARN_OBJC_IMPLICIT_RETAIN_SELF = YES;
				CLANG_WARN_OBJC_LITERAL_CONVERSION = YES;
				CLANG_WARN_OBJC_ROOT_CLASS = YES_ERROR;
				CLANG_WARN_QUOTED_INCLUDE_IN_FRAMEWORK_HEADER = YES;
				CLANG_WARN_RANGE_LOOP_ANALYSIS = YES;
				CLANG_WARN_STRICT_PROTOTYPES = YES;
				CLANG_WARN_SUSPICIOUS_MOVE = YES;
				CLANG_WARN_UNGUARDED_AVAILABILITY = YES_AGGRESSIVE;
				CLANG_WARN_UNREACHABLE_CODE = YES;
				CLANG_WARN__DUPLICATE_METHOD_MATCH = YES;
				COPY_PHASE_STRIP = NO;
				DEBUG_INFORMATION_FORMAT = "dwarf-with-dsym";
				ENABLE_NS_ASSERTIONS = NO;
				ENABLE_STRICT_OBJC_MSGSEND = YES;
				ENABLE_USER_SCRIPT_SANDBOXING = YES;
				GCC_C_LANGUAGE_STANDARD = gnu17;
				GCC_NO_COMMON_BLOCKS = YES;
				GCC_WARN_64_TO_32_BIT_CONVERSION = YES;
				GCC_WARN_ABOUT_RETURN_TYPE = YES_ERROR;
				GCC_WARN_UNDECLARED_SELECTOR = YES;
				GCC_WARN_UNINITIALIZED_AUTOS = YES_AGGRESSIVE;
				GCC_WARN_UNUSED_FUNCTION = YES;
				GCC_WARN_UNUSED_VARIABLE = YES;
				IPHONEOS_DEPLOYMENT_TARGET = 17.2;
				LOCALIZATION_PREFERS_STRING_CATALOGS = YES;
				MTL_ENABLE_DEBUG_INFO = NO;
				MTL_FAST_MATH = YES;
				SDKROOT = iphoneos;
				SWIFT_COMPILATION_MODE = wholemodule;
				VALIDATE_PRODUCT = YES;
			};
			name = Release;
		};
		3412C8432B6755C500221767 /* Debug */ = {
			isa = XCBuildConfiguration;
			buildSettings = {
				ASSETCATALOG_COMPILER_APPICON_NAME = AppIcon;
				ASSETCATALOG_COMPILER_GLOBAL_ACCENT_COLOR_NAME = AccentColor;
				CODE_SIGN_STYLE = Automatic;
				CURRENT_PROJECT_VERSION = 1;
				DEVELOPMENT_ASSET_PATHS = "\"ToDoList/Preview Content\"";
				DEVELOPMENT_TEAM = 8U7CYULWTR;
				ENABLE_PREVIEWS = YES;
				GENERATE_INFOPLIST_FILE = YES;
				INFOPLIST_KEY_CFBundleDisplayName = "To Do List";
				INFOPLIST_KEY_UIApplicationSceneManifest_Generation = YES;
				INFOPLIST_KEY_UIApplicationSupportsIndirectInputEvents = YES;
				INFOPLIST_KEY_UILaunchScreen_Generation = YES;
				INFOPLIST_KEY_UISupportedInterfaceOrientations = UIInterfaceOrientationPortrait;
				LD_RUNPATH_SEARCH_PATHS = (
					"$(inherited)",
					"@executable_path/Frameworks",
				);
				MARKETING_VERSION = 1.0;
				PRODUCT_BUNDLE_IDENTIFIER = com.Maxida.ToDoList;
				PRODUCT_NAME = "$(TARGET_NAME)";
				SWIFT_EMIT_LOC_STRINGS = YES;
				SWIFT_VERSION = 5.0;
				TARGETED_DEVICE_FAMILY = "1,2";
			};
			name = Debug;
		};
		3412C8442B6755C500221767 /* Release */ = {
			isa = XCBuildConfiguration;
			buildSettings = {
				ASSETCATALOG_COMPILER_APPICON_NAME = AppIcon;
				ASSETCATALOG_COMPILER_GLOBAL_ACCENT_COLOR_NAME = AccentColor;
				CODE_SIGN_STYLE = Automatic;
				CURRENT_PROJECT_VERSION = 1;
				DEVELOPMENT_ASSET_PATHS = "\"ToDoList/Preview Content\"";
				DEVELOPMENT_TEAM = 8U7CYULWTR;
				ENABLE_PREVIEWS = YES;
				GENERATE_INFOPLIST_FILE = YES;
				INFOPLIST_KEY_CFBundleDisplayName = "To Do List";
				INFOPLIST_KEY_UIApplicationSceneManifest_Generation = YES;
				INFOPLIST_KEY_UIApplicationSupportsIndirectInputEvents = YES;
				INFOPLIST_KEY_UILaunchScreen_Generation = YES;
				INFOPLIST_KEY_UISupportedInterfaceOrientations = UIInterfaceOrientationPortrait;
				LD_RUNPATH_SEARCH_PATHS = (
					"$(inherited)",
					"@executable_path/Frameworks",
				);
				MARKETING_VERSION = 1.0;
				PRODUCT_BUNDLE_IDENTIFIER = com.Maxida.ToDoList;
				PRODUCT_NAME = "$(TARGET_NAME)";
				SWIFT_EMIT_LOC_STRINGS = YES;
				SWIFT_VERSION = 5.0;
				TARGETED_DEVICE_FAMILY = "1,2";
			};
			name = Release;
		};
		3412C8462B6755C500221767 /* Debug */ = {
			isa = XCBuildConfiguration;
			buildSettings = {
				ALWAYS_EMBED_SWIFT_STANDARD_LIBRARIES = YES;
				BUNDLE_LOADER = "$(TEST_HOST)";
				CODE_SIGN_STYLE = Automatic;
				CURRENT_PROJECT_VERSION = 1;
				DEVELOPMENT_TEAM = 8U7CYULWTR;
				GENERATE_INFOPLIST_FILE = YES;
				IPHONEOS_DEPLOYMENT_TARGET = 17.2;
				MARKETING_VERSION = 1.0;
				PRODUCT_BUNDLE_IDENTIFIER = com.Maxida.ToDoListTests;
				PRODUCT_NAME = "$(TARGET_NAME)";
				SWIFT_EMIT_LOC_STRINGS = NO;
				SWIFT_VERSION = 5.0;
				TARGETED_DEVICE_FAMILY = "1,2";
				TEST_HOST = "$(BUILT_PRODUCTS_DIR)/ToDoList.app/$(BUNDLE_EXECUTABLE_FOLDER_PATH)/ToDoList";
			};
			name = Debug;
		};
		3412C8472B6755C500221767 /* Release */ = {
			isa = XCBuildConfiguration;
			buildSettings = {
				ALWAYS_EMBED_SWIFT_STANDARD_LIBRARIES = YES;
				BUNDLE_LOADER = "$(TEST_HOST)";
				CODE_SIGN_STYLE = Automatic;
				CURRENT_PROJECT_VERSION = 1;
				DEVELOPMENT_TEAM = 8U7CYULWTR;
				GENERATE_INFOPLIST_FILE = YES;
				IPHONEOS_DEPLOYMENT_TARGET = 17.2;
				MARKETING_VERSION = 1.0;
				PRODUCT_BUNDLE_IDENTIFIER = com.Maxida.ToDoListTests;
				PRODUCT_NAME = "$(TARGET_NAME)";
				SWIFT_EMIT_LOC_STRINGS = NO;
				SWIFT_VERSION = 5.0;
				TARGETED_DEVICE_FAMILY = "1,2";
				TEST_HOST = "$(BUILT_PRODUCTS_DIR)/ToDoList.app/$(BUNDLE_EXECUTABLE_FOLDER_PATH)/ToDoList";
			};
			name = Release;
		};
		3412C8492B6755C500221767 /* Debug */ = {
			isa = XCBuildConfiguration;
			buildSettings = {
				ALWAYS_EMBED_SWIFT_STANDARD_LIBRARIES = YES;
				CODE_SIGN_STYLE = Automatic;
				CURRENT_PROJECT_VERSION = 1;
				DEVELOPMENT_TEAM = 8U7CYULWTR;
				GENERATE_INFOPLIST_FILE = YES;
				MARKETING_VERSION = 1.0;
				PRODUCT_BUNDLE_IDENTIFIER = com.Maxida.ToDoListUITests;
				PRODUCT_NAME = "$(TARGET_NAME)";
				SWIFT_EMIT_LOC_STRINGS = NO;
				SWIFT_VERSION = 5.0;
				TARGETED_DEVICE_FAMILY = "1,2";
				TEST_TARGET_NAME = ToDoList;
			};
			name = Debug;
		};
		3412C84A2B6755C500221767 /* Release */ = {
			isa = XCBuildConfiguration;
			buildSettings = {
				ALWAYS_EMBED_SWIFT_STANDARD_LIBRARIES = YES;
				CODE_SIGN_STYLE = Automatic;
				CURRENT_PROJECT_VERSION = 1;
				DEVELOPMENT_TEAM = 8U7CYULWTR;
				GENERATE_INFOPLIST_FILE = YES;
				MARKETING_VERSION = 1.0;
				PRODUCT_BUNDLE_IDENTIFIER = com.Maxida.ToDoListUITests;
				PRODUCT_NAME = "$(TARGET_NAME)";
				SWIFT_EMIT_LOC_STRINGS = NO;
				SWIFT_VERSION = 5.0;
				TARGETED_DEVICE_FAMILY = "1,2";
				TEST_TARGET_NAME = ToDoList;
			};
			name = Release;
		};
/* End XCBuildConfiguration section */

/* Begin XCConfigurationList section */
		3412C8192B6755C200221767 /* Build configuration list for PBXProject "ToDoList" */ = {
			isa = XCConfigurationList;
			buildConfigurations = (
				3412C8402B6755C500221767 /* Debug */,
				3412C8412B6755C500221767 /* Release */,
			);
			defaultConfigurationIsVisible = 0;
			defaultConfigurationName = Release;
		};
		3412C8422B6755C500221767 /* Build configuration list for PBXNativeTarget "ToDoList" */ = {
			isa = XCConfigurationList;
			buildConfigurations = (
				3412C8432B6755C500221767 /* Debug */,
				3412C8442B6755C500221767 /* Release */,
			);
			defaultConfigurationIsVisible = 0;
			defaultConfigurationName = Release;
		};
		3412C8452B6755C500221767 /* Build configuration list for PBXNativeTarget "ToDoListTests" */ = {
			isa = XCConfigurationList;
			buildConfigurations = (
				3412C8462B6755C500221767 /* Debug */,
				3412C8472B6755C500221767 /* Release */,
			);
			defaultConfigurationIsVisible = 0;
			defaultConfigurationName = Release;
		};
		3412C8482B6755C500221767 /* Build configuration list for PBXNativeTarget "ToDoListUITests" */ = {
			isa = XCConfigurationList;
			buildConfigurations = (
				3412C8492B6755C500221767 /* Debug */,
				3412C84A2B6755C500221767 /* Release */,
			);
			defaultConfigurationIsVisible = 0;
			defaultConfigurationName = Release;
		};
/* End XCConfigurationList section */

/* Begin XCRemoteSwiftPackageReference section */
		3412C84B2B6759E800221767 /* XCRemoteSwiftPackageReference "firebase-ios-sdk" */ = {
			isa = XCRemoteSwiftPackageReference;
			repositoryURL = "https://github.com/firebase/firebase-ios-sdk.git";
			requirement = {
				kind = upToNextMajorVersion;
				minimumVersion = 10.20.0;
			};
		};
/* End XCRemoteSwiftPackageReference section */

/* Begin XCSwiftPackageProductDependency section */
		3412C84C2B6759E900221767 /* FirebaseAuth */ = {
			isa = XCSwiftPackageProductDependency;
			package = 3412C84B2B6759E800221767 /* XCRemoteSwiftPackageReference "firebase-ios-sdk" */;
			productName = FirebaseAuth;
		};
		3412C84E2B6759E900221767 /* FirebaseFirestore */ = {
			isa = XCSwiftPackageProductDependency;
			package = 3412C84B2B6759E800221767 /* XCRemoteSwiftPackageReference "firebase-ios-sdk" */;
			productName = FirebaseFirestore;
		};
		3412C8502B6759E900221767 /* FirebaseFirestoreSwift */ = {
			isa = XCSwiftPackageProductDependency;
			package = 3412C84B2B6759E800221767 /* XCRemoteSwiftPackageReference "firebase-ios-sdk" */;
			productName = FirebaseFirestoreSwift;
		};
/* End XCSwiftPackageProductDependency section */
	};
	rootObject = 3412C8162B6755C100221767 /* Project object */;
}
